
Microsoft Visual Studio Solution File, Format Version 12.00
# Visual Studio Version 17
VisualStudioVersion = 17.14.36717.8
MinimumVisualStudioVersion = 10.0.40219.1
Project("{FAE04EC0-301F-11D3-BF4B-00C04F79EFBC}") = "UP_Murtazin", "UP_Murtazin\UP_Murtazin.csproj", "{BE5E208D-D9C1-4F58-B8C4-5E0B0363C595}"
EndProject
Global
	GlobalSection(SolutionConfigurationPlatforms) = preSolution
		Debug|Any CPU = Debug|Any CPU
		Release|Any CPU = Release|Any CPU
	EndGlobalSection
	GlobalSection(ProjectConfigurationPlatforms) = postSolution
		{BE5E208D-D9C1-4F58-B8C4-5E0B0363C595}.Debug|Any CPU.ActiveCfg = Debug|Any CPU
		{BE5E208D-D9C1-4F58-B8C4-5E0B0363C595}.Debug|Any CPU.Build.0 = Debug|Any CPU
		{BE5E208D-D9C1-4F58-B8C4-5E0B0363C595}.Release|Any CPU.ActiveCfg = Release|Any CPU
		{BE5E208D-D9C1-4F58-B8C4-5E0B0363C595}.Release|Any CPU.Build.0 = Release|Any CPU
	EndGlobalSection
	GlobalSection(SolutionProperties) = preSolution
		HideSolutionNode = FALSE
	EndGlobalSection
	GlobalSection(ExtensibilityGlobals) = postSolution
		SolutionGuid = {F923C49E-D1D0-40C3-880B-4E35931AE630}
	EndGlobalSection
EndGlobal
